{
  "name": "read-2-rank",
  "version": "1.0.0",
  "lockfileVersion": 3,
  "requires": true,
  "description": "Read-2-Rank - News and GK Learning Platform",
  "main": "server/server.js",
  "private": true,
  "packages": {
    "": {
      "name": "read-2-rank",
      "version": "1.0.0",
      "dependencies": {
        "nodemailer": "^6.10.1"
      },
      "engines": {
        "node": "18.x"
      }
    },
    "node_modules/nodemailer": {
      "version": "6.10.1",
      "resolved": "https://registry.npmjs.org/nodemailer/-/nodemailer-6.10.1.tgz",
      "integrity": "sha512-Z+iLaBGVaSjbIzQ4pX6XV41HrooLsQ10ZWPUehGmuantvzWoDVBnmsdUcOIDM1t+yPor5pDhVlDESgOMEGxhHA==",
      "license": "MIT-0",
      "engines": {
        "node": ">=6.0.0"
      }
    }
  },
  "engines": {
    "node": "20.x"
  },
  "scripts": {
    "build": "cd client && npm install && npm run build",
    "dev": "node server/server.js",
    "start": "node server/server.js"
  }
}
